
Microsoft Visual Studio Solution File, Format Version 12.00
Project("{FAE04EC0-301F-11D3-BF4B-00C04F79EFBC}") = "WebApplication", "WebApplication\WebApplication.csproj", "{1622569D-8152-4546-9E65-FC11377ABDFA}"
EndProject
Global
	GlobalSection(SolutionConfigurationPlatforms) = preSolution
		Debug|Any CPU = Debug|Any CPU
		Release|Any CPU = Release|Any CPU
	EndGlobalSection
	GlobalSection(ProjectConfigurationPlatforms) = postSolution
		{1622569D-8152-4546-9E65-FC11377ABDFA}.Debug|Any CPU.ActiveCfg = Debug|Any CPU
		{1622569D-8152-4546-9E65-FC11377ABDFA}.Debug|Any CPU.Build.0 = Debug|Any CPU
		{1622569D-8152-4546-9E65-FC11377ABDFA}.Release|Any CPU.ActiveCfg = Release|Any CPU
		{1622569D-8152-4546-9E65-FC11377ABDFA}.Release|Any CPU.Build.0 = Release|Any CPU
	EndGlobalSection
EndGlobal
